// !$*UTF8*$!
{
	archiveVersion = 1;
	classes = {
	};
	objectVersion = 50;
	objects = {

/* Begin PBXBuildFile section */
		BC4B483D2511686A00E7CC2F /* AppDelegate.swift in Sources */ = {isa = PBXBuildFile; fileRef = BC4B483C2511686A00E7CC2F /* AppDelegate.swift */; };
		BC4B483F2511686A00E7CC2F /* SceneDelegate.swift in Sources */ = {isa = PBXBuildFile; fileRef = BC4B483E2511686A00E7CC2F /* SceneDelegate.swift */; };
		BC4B48412511686A00E7CC2F /* ViewController.swift in Sources */ = {isa = PBXBuildFile; fileRef = BC4B48402511686A00E7CC2F /* ViewController.swift */; };
		BC4B48442511686A00E7CC2F /* Main.storyboard in Resources */ = {isa = PBXBuildFile; fileRef = BC4B48422511686A00E7CC2F /* Main.storyboard */; };
		BC4B48462511686F00E7CC2F /* Assets.xcassets in Resources */ = {isa = PBXBuildFile; fileRef = BC4B48452511686F00E7CC2F /* Assets.xcassets */; };
		BC4B48492511686F00E7CC2F /* LaunchScreen.storyboard in Resources */ = {isa = PBXBuildFile; fileRef = BC4B48472511686F00E7CC2F /* LaunchScreen.storyboard */; };
/* End PBXBuildFile section */

/* Begin PBXFileReference section */
		BC4B48392511686A00E7CC2F /* TeraVPNDemo.app */ = {isa = PBXFileReference; explicitFileType = wrapper.application; includeInIndex = 0; path = TeraVPNDemo.app; sourceTree = BUILT_PRODUCTS_DIR; };
		BC4B483C2511686A00E7CC2F /* AppDelegate.swift */ = {isa = PBXFileReference; lastKnownFileType = sourcecode.swift; path = AppDelegate.swift; sourceTree = "<group>"; };
		BC4B483E2511686A00E7CC2F /* SceneDelegate.swift */ = {isa = PBXFileReference; lastKnownFileType = sourcecode.swift; path = SceneDelegate.swift; sourceTree = "<group>"; };
		BC4B48402511686A00E7CC2F /* ViewController.swift */ = {isa = PBXFileReference; lastKnownFileType = sourcecode.swift; path = ViewController.swift; sourceTree = "<group>"; };
		BC4B48432511686A00E7CC2F /* Base */ = {isa = PBXFileReference; lastKnownFileType = file.storyboard; name = Base; path = Base.lproj/Main.storyboard; sourceTree = "<group>"; };
		BC4B48452511686F00E7CC2F /* Assets.xcassets */ = {isa = PBXFileReference; lastKnownFileType = folder.assetcatalog; path = Assets.xcassets; sourceTree = "<group>"; };
		BC4B48482511686F00E7CC2F /* Base */ = {isa = PBXFileReference; lastKnownFileType = file.storyboard; name = Base; path = Base.lproj/LaunchScreen.storyboard; sourceTree = "<group>"; };
		BC4B484A2511686F00E7CC2F /* Info.plist */ = {isa = PBXFileReference; lastKnownFileType = text.plist.xml; path = Info.plist; sourceTree = "<group>"; };
/* End PBXFileReference section */

/* Begin PBXFrameworksBuildPhase section */
		BC4B48362511686A00E7CC2F /* Frameworks */ = {
			isa = PBXFrameworksBuildPhase;
			buildActionMask = 2147483647;
			files = (
			);
			runOnlyForDeploymentPostprocessing = 0;
		};
/* End PBXFrameworksBuildPhase section */

/* Begin PBXGroup section */
		BC4B48302511686A00E7CC2F = {
			isa = PBXGroup;
			children = (
				BC4B483B2511686A00E7CC2F /* TeraVPNDemo */,
				BC4B483A2511686A00E7CC2F /* Products */,
			);
			sourceTree = "<group>";
		};
		BC4B483A2511686A00E7CC2F /* Products */ = {
			isa = PBXGroup;
			children = (
				BC4B48392511686A00E7CC2F /* TeraVPNDemo.app */,
			);
			name = Products;
			sourceTree = "<group>";
		};
		BC4B483B2511686A00E7CC2F /* TeraVPNDemo */ = {
			isa = PBXGroup;
			children = (
				BC4B483C2511686A00E7CC2F /* AppDelegate.swift */,
				BC4B483E2511686A00E7CC2F /* SceneDelegate.swift */,
				BC4B48402511686A00E7CC2F /* ViewController.swift */,
				BC4B48422511686A00E7CC2F /* Main.storyboard */,
				BC4B48452511686F00E7CC2F /* Assets.xcassets */,
				BC4B48472511686F00E7CC2F /* LaunchScreen.storyboard */,
				BC4B484A2511686F00E7CC2F /* Info.plist */,
			);
			path = TeraVPNDemo;
			sourceTree = "<group>";
		};
/* End PBXGroup section */

/* Begin PBXNativeTarget section */
		BC4B48382511686A00E7CC2F /* TeraVPNDemo */ = {
			isa = PBXNativeTarget;
			buildConfigurationList = BC4B484D2511686F00E7CC2F /* Build configuration list for PBXNativeTarget "TeraVPNDemo" */;
			buildPhases = (
				BC4B48352511686A00E7CC2F /* Sources */,
				BC4B48362511686A00E7CC2F /* Frameworks */,
				BC4B48372511686A00E7CC2F /* Resources */,
			);
			buildRules = (
			);
			dependencies = (
			);
			name = TeraVPNDemo;
			productName = TeraVPNDemo;
			productReference = BC4B48392511686A00E7CC2F /* TeraVPNDemo.app */;
			productType = "com.apple.product-type.application";
		};
/* End PBXNativeTarget section */

/* Begin PBXProject section */
		BC4B48312511686A00E7CC2F /* Project object */ = {
			isa = PBXProject;
			attributes = {
				LastSwiftUpdateCheck = 1150;
				LastUpgradeCheck = 1150;
				ORGANIZATIONNAME = abc;
				TargetAttributes = {
					BC4B48382511686A00E7CC2F = {
						CreatedOnToolsVersion = 11.5;
					};
				};
			};
			buildConfigurationList = BC4B48342511686A00E7CC2F /* Build configuration list for PBXProject "TeraVPNDemo" */;
			compatibilityVersion = "Xcode 9.3";
			developmentRegion = en;
			hasScannedForEncodings = 0;
			knownRegions = (
				en,
				Base,
			);
			mainGroup = BC4B48302511686A00E7CC2F;
			productRefGroup = BC4B483A2511686A00E7CC2F /* Products */;
			projectDirPath = "";
			projectRoot = "";
			targets = (
				BC4B48382511686A00E7CC2F /* TeraVPNDemo */,
			);
		};
/* End PBXProject section */

/* Begin PBXResourcesBuildPhase section */
		BC4B48372511686A00E7CC2F /* Resources */ = {
			isa = PBXResourcesBuildPhase;
			buildActionMask = 2147483647;
			files = (
				BC4B48492511686F00E7CC2F /* LaunchScreen.storyboard in Resources */,
				BC4B48462511686F00E7CC2F /* Assets.xcassets in Resources */,
				BC4B48442511686A00E7CC2F /* Main.storyboard in Resources */,
			);
			runOnlyForDeploymentPostprocessing = 0;
		};
/* End PBXResourcesBuildPhase section */

/* Begin PBXSourcesBuildPhase section */
		BC4B48352511686A00E7CC2F /* Sources */ = {
			isa = PBXSourcesBuildPhase;
			buildActionMask = 2147483647;
			files = (
				BC4B48412511686A00E7CC2F /* ViewController.swift in Sources */,
				BC4B483D2511686A00E7CC2F /* AppDelegate.swift in Sources */,
				BC4B483F2511686A00E7CC2F /* SceneDelegate.swift in Sources */,
			);
			runOnlyForDeploymentPostprocessing = 0;
		};
/* End PBXSourcesBuildPhase section */

/* Begin PBXVariantGroup section */
		BC4B48422511686A00E7CC2F /* Main.storyboard */ = {
			isa = PBXVariantGroup;
			children = (
				BC4B48432511686A00E7CC2F /* Base */,
			);
			name = Main.storyboard;
			sourceTree = "<group>";
		};
		BC4B48472511686F00E7CC2F /* LaunchScreen.storyboard */ = {
			isa = PBXVariantGroup;
			children = (
				BC4B48482511686F00E7CC2F /* Base */,
			);
			name = LaunchScreen.storyboard;
			sourceTree = "<group>";
		};
/* End PBXVariantGroup section */

/* Begin XCBuildConfiguration section */
		BC4B484B2511686F00E7CC2F /* Debug */ = {
			isa = XCBuildConfiguration;
			buildSettings = {
				ALWAYS_SEARCH_USER_PATHS = NO;
				CLANG_ANALYZER_NONNULL = YES;
				CLANG_ANALYZER_NUMBER_OBJECT_CONVERSION = YES_AGGRESSIVE;
				CLANG_CXX_LANGUAGE_STANDARD = "gnu++14";
				CLANG_CXX_LIBRARY = "libc++";
				CLANG_ENABLE_MODULES = YES;
				CLANG_ENABLE_OBJC_ARC = YES;
				CLANG_ENABLE_OBJC_WEAK = YES;
				CLANG_WARN_BLOCK_CAPTURE_AUTORELEASING = YES;
				CLANG_WARN_BOOL_CONVERSION = YES;
				CLANG_WARN_COMMA = YES;
				CLANG_WARN_CONSTANT_CONVERSION = YES;
				CLANG_WARN_DEPRECATED_OBJC_IMPLEMENTATIONS = YES;
				CLANG_WARN_DIRECT_OBJC_ISA_USAGE = YES_ERROR;
				CLANG_WARN_DOCUMENTATION_COMMENTS = YES;
				CLANG_WARN_EMPTY_BODY = YES;
				CLANG_WARN_ENUM_CONVERSION = YES;
				CLANG_WARN_INFINITE_RECURSION = YES;
				CLANG_WARN_INT_CONVERSION = YES;
				CLANG_WARN_NON_LITERAL_NULL_CONVERSION = YES;
				CLANG_WARN_OBJC_IMPLICIT_RETAIN_SELF = YES;
				CLANG_WARN_OBJC_LITERAL_CONVERSION = YES;
				CLANG_WARN_OBJC_ROOT_CLASS = YES_ERROR;
				CLANG_WARN_RANGE_LOOP_ANALYSIS = YES;
				CLANG_WARN_STRICT_PROTOTYPES = YES;
				CLANG_WARN_SUSPICIOUS_MOVE = YES;
				CLANG_WARN_UNGUARDED_AVAILABILITY = YES_AGGRESSIVE;
				CLANG_WARN_UNREACHABLE_CODE = YES;
				CLANG_WARN__DUPLICATE_METHOD_MATCH = YES;
				COPY_PHASE_STRIP = NO;
				DEBUG_INFORMATION_FORMAT = dwarf;
				ENABLE_STRICT_OBJC_MSGSEND = YES;
				ENABLE_TESTABILITY = YES;
				GCC_C_LANGUAGE_STANDARD = gnu11;
				GCC_DYNAMIC_NO_PIC = NO;
				GCC_NO_COMMON_BLOCKS = YES;
				GCC_OPTIMIZATION_LEVEL = 0;
				GCC_PREPROCESSOR_DEFINITIONS = (
					"DEBUG=1",
					"$(inherited)",
				);
				GCC_WARN_64_TO_32_BIT_CONVERSION = YES;
				GCC_WARN_ABOUT_RETURN_TYPE = YES_ERROR;
				GCC_WARN_UNDECLARED_SELECTOR = YES;
				GCC_WARN_UNINITIALIZED_AUTOS = YES_AGGRESSIVE;
				GCC_WARN_UNUSED_FUNCTION = YES;
				GCC_WARN_UNUSED_VARIABLE = YES;
				IPHONEOS_DEPLOYMENT_TARGET = 13.5;
				MTL_ENABLE_DEBUG_INFO = INCLUDE_SOURCE;
				MTL_FAST_MATH = YES;
				ONLY_ACTIVE_ARCH = YES;
				SDKROOT = iphoneos;
				SWIFT_ACTIVE_COMPILATION_CONDITIONS = DEBUG;
				SWIFT_OPTIMIZATION_LEVEL = "-Onone";
			};
			name = Debug;
		};
		BC4B484C2511686F00E7CC2F /* Release */ = {
			isa = XCBuildConfiguration;
			buildSettings = {
				ALWAYS_SEARCH_USER_PATHS = NO;
				CLANG_ANALYZER_NONNULL = YES;
				CLANG_ANALYZER_NUMBER_OBJECT_CONVERSION = YES_AGGRESSIVE;
				CLANG_CXX_LANGUAGE_STANDARD = "gnu++14";
				CLANG_CXX_LIBRARY = "libc++";
				CLANG_ENABLE_MODULES = YES;
				CLANG_ENABLE_OBJC_ARC = YES;
				CLANG_ENABLE_OBJC_WEAK = YES;
				CLANG_WARN_BLOCK_CAPTURE_AUTORELEASING = YES;
				CLANG_WARN_BOOL_CONVERSION = YES;
				CLANG_WARN_COMMA = YES;
				CLANG_WARN_CONSTANT_CONVERSION = YES;
				CLANG_WARN_DEPRECATED_OBJC_IMPLEMENTATIONS = YES;
				CLANG_WARN_DIRECT_OBJC_ISA_USAGE = YES_ERROR;
				CLANG_WARN_DOCUMENTATION_COMMENTS = YES;
				CLANG_WARN_EMPTY_BODY = YES;
				CLANG_WARN_ENUM_CONVERSION = YES;
				CLANG_WARN_INFINITE_RECURSION = YES;
				CLANG_WARN_INT_CONVERSION = YES;
				CLANG_WARN_NON_LITERAL_NULL_CONVERSION = YES;
				CLANG_WARN_OBJC_IMPLICIT_RETAIN_SELF = YES;
				CLANG_WARN_OBJC_LITERAL_CONVERSION = YES;
				CLANG_WARN_OBJC_ROOT_CLASS = YES_ERROR;
				CLANG_WARN_RANGE_LOOP_ANALYSIS = YES;
				CLANG_WARN_STRICT_PROTOTYPES = YES;
				CLANG_WARN_SUSPICIOUS_MOVE = YES;
				CLANG_WARN_UNGUARDED_AVAILABILITY = YES_AGGRESSIVE;
				CLANG_WARN_UNREACHABLE_CODE = YES;
				CLANG_WARN__DUPLICATE_METHOD_MATCH = YES;
				COPY_PHASE_STRIP = NO;
				DEBUG_INFORMATION_FORMAT = "dwarf-with-dsym";
				ENABLE_NS_ASSERTIONS = NO;
				ENABLE_STRICT_OBJC_MSGSEND = YES;
				GCC_C_LANGUAGE_STANDARD = gnu11;
				GCC_NO_COMMON_BLOCKS = YES;
				GCC_WARN_64_TO_32_BIT_CONVERSION = YES;
				GCC_WARN_ABOUT_RETURN_TYPE = YES_ERROR;
				GCC_WARN_UNDECLARED_SELECTOR = YES;
				GCC_WARN_UNINITIALIZED_AUTOS = YES_AGGRESSIVE;
				GCC_WARN_UNUSED_FUNCTION = YES;
				GCC_WARN_UNUSED_VARIABLE = YES;
				IPHONEOS_DEPLOYMENT_TARGET = 13.5;
				MTL_ENABLE_DEBUG_INFO = NO;
				MTL_FAST_MATH = YES;
				SDKROOT = iphoneos;
				SWIFT_COMPILATION_MODE = wholemodule;
				SWIFT_OPTIMIZATION_LEVEL = "-O";
				VALIDATE_PRODUCT = YES;
			};
			name = Release;
		};
		BC4B484E2511686F00E7CC2F /* Debug */ = {
			isa = XCBuildConfiguration;
			buildSettings = {
				ASSETCATALOG_COMPILER_APPICON_NAME = AppIcon;
				CODE_SIGN_STYLE = Automatic;
				INFOPLIST_FILE = TeraVPNDemo/Info.plist;
				LD_RUNPATH_SEARCH_PATHS = (
					"$(inherited)",
					"@executable_path/Frameworks",
				);
				PRODUCT_BUNDLE_IDENTIFIER = abc.org.TeraVPNDemo;
				PRODUCT_NAME = "$(TARGET_NAME)";
				SWIFT_VERSION = 5.0;
				TARGETED_DEVICE_FAMILY = "1,2";
			};
			name = Debug;
		};
		BC4B484F2511686F00E7CC2F /* Release */ = {
			isa = XCBuildConfiguration;
			buildSettings = {
				ASSETCATALOG_COMPILER_APPICON_NAME = AppIcon;
				CODE_SIGN_STYLE = Automatic;
				INFOPLIST_FILE = TeraVPNDemo/Info.plist;
				LD_RUNPATH_SEARCH_PATHS = (
					"$(inherited)",
					"@executable_path/Frameworks",
				);
				PRODUCT_BUNDLE_IDENTIFIER = abc.org.TeraVPNDemo;
				PRODUCT_NAME = "$(TARGET_NAME)";
				SWIFT_VERSION = 5.0;
				TARGETED_DEVICE_FAMILY = "1,2";
			};
			name = Release;
		};
/* End XCBuildConfiguration section */

/* Begin XCConfigurationList section */
		BC4B48342511686A00E7CC2F /* Build configuration list for PBXProject "TeraVPNDemo" */ = {
			isa = XCConfigurationList;
			buildConfigurations = (
				BC4B484B2511686F00E7CC2F /* Debug */,
				BC4B484C2511686F00E7CC2F /* Release */,
			);
			defaultConfigurationIsVisible = 0;
			defaultConfigurationName = Release;
		};
		BC4B484D2511686F00E7CC2F /* Build configuration list for PBXNativeTarget "TeraVPNDemo" */ = {
			isa = XCConfigurationList;
			buildConfigurations = (
				BC4B484E2511686F00E7CC2F /* Debug */,
				BC4B484F2511686F00E7CC2F /* Release */,
			);
			defaultConfigurationIsVisible = 0;
			defaultConfigurationName = Release;
		};
/* End XCConfigurationList section */
	};
	rootObject = BC4B48312511686A00E7CC2F /* Project object */;
}
